
Microsoft Visual Studio Solution File, Format Version 12.00
# Visual Studio Version 17
VisualStudioVersion = 17.14.36518.9
MinimumVisualStudioVersion = 10.0.40219.1
Project("{FAE04EC0-301F-11D3-BF4B-00C04F79EFBC}") = "BlazorSolution", "BlazorSolution.csproj", "{3B7E6EE7-18B2-4BE9-AB4B-9268409FE09C}"
EndProject
Global
	GlobalSection(SolutionConfigurationPlatforms) = preSolution
		Debug|Any CPU = Debug|Any CPU
		Release|Any CPU = Release|Any CPU
	EndGlobalSection
	GlobalSection(ProjectConfigurationPlatforms) = postSolution
		{3B7E6EE7-18B2-4BE9-AB4B-9268409FE09C}.Debug|Any CPU.ActiveCfg = Debug|Any CPU
		{3B7E6EE7-18B2-4BE9-AB4B-9268409FE09C}.Debug|Any CPU.Build.0 = Debug|Any CPU
		{3B7E6EE7-18B2-4BE9-AB4B-9268409FE09C}.Release|Any CPU.ActiveCfg = Release|Any CPU
		{3B7E6EE7-18B2-4BE9-AB4B-9268409FE09C}.Release|Any CPU.Build.0 = Release|Any CPU
	EndGlobalSection
	GlobalSection(SolutionProperties) = preSolution
		HideSolutionNode = FALSE
	EndGlobalSection
	GlobalSection(ExtensibilityGlobals) = postSolution
		SolutionGuid = {0B2BF79B-C784-4113-9A8A-F1049842317A}
	EndGlobalSection
EndGlobal
